PODS:
  - AFNetworking (2.7.0):
    - AFNetworking/NSURLConnection (= 2.7.0)
    - AFNetworking/NSURLSession (= 2.7.0)
    - AFNetworking/Reachability (= 2.7.0)
    - AFNetworking/Security (= 2.7.0)
    - AFNetworking/Serialization (= 2.7.0)
    - AFNetworking/UIKit (= 2.7.0)
  - AFNetworking/NSURLConnection (2.7.0):
    - AFNetworking/Reachability
    - AFNetworking/Security
    - AFNetworking/Serialization
  - AFNetworking/NSURLSession (2.7.0):
    - AFNetworking/Reachability
    - AFNetworking/Security
    - AFNetworking/Serialization
  - AFNetworking/Reachability (2.7.0)
  - AFNetworking/Security (2.7.0)
  - AFNetworking/Serialization (2.7.0)
  - AFNetworking/UIKit (2.7.0):
    - AFNetworking/NSURLConnection
    - AFNetworking/NSURLSession
  - Flutter (1.0.0)
  - FlutterPluginRegistrant (0.0.1):
    - Flutter

DEPENDENCIES:
  - AFNetworking (~> 2.6)
  - Flutter (from `./flutter_module/.ios/Flutter/engine`)
  - FlutterPluginRegistrant (from `./flutter_module/.ios/Flutter/FlutterPluginRegistrant`)

SPEC REPOS:
  trunk:
    - AFNetworking

EXTERNAL SOURCES:
  Flutter:
    :path: "./flutter_module/.ios/Flutter/engine"
  FlutterPluginRegistrant:
    :path: "./flutter_module/.ios/Flutter/FlutterPluginRegistrant"

SPEC CHECKSUMS:
  AFNetworking: 8dd5f9b9691e09186393069a12cc3b5ed7c8b511
  Flutter: ac41d61a47ae5bf8195a5598d2d63754888ec0d5
  FlutterPluginRegistrant: 2afd5ea46d3a949472c9b7da6462d8fbf7d8b16e

PODFILE CHECKSUM: ae0d6113601edd0b272a914efedafcfc7c049194

COCOAPODS: 1.10.0
